langcode: en
status: true
dependencies:
  config:
    - field.storage.node.field_backup_type
    - field.storage.node.field_message_log
    - node.type.allinone_backup
  module:
    - node
    - user
id: allinonebackup_block
label: allinonebackup_block
module: views
description: 'All in One Backup Log'
tag: default
base_table: node_field_data
base_field: nid
core: 8.x
display:
  default:
    display_plugin: default
    id: default
    display_title: Master
    position: 0
    display_options:
      access:
        type: perm
        options:
          perm: 'access content'
      cache:
        type: tag
        options: {  }
      query:
        type: views_query
        options:
          disable_sql_rewrite: false
          distinct: false
          replica: false
          query_comment: ''
          query_tags: {  }
      exposed_form:
        type: basic
        options:
          submit_button: Apply
          reset_button: false
          reset_button_label: Reset
          exposed_sorts_label: 'Sort by'
          expose_sort_order: true
          sort_asc_label: Asc
          sort_desc_label: Desc
      pager:
        type: full
        options:
          items_per_page: null
          offset: 0
          id: 0
          total_pages: null
          tags:
            previous: '‹ Previous'
            next: 'Next ›'
            first: '« First'
            last: 'Last »'
          expose:
            items_per_page: false
            items_per_page_label: 'Items per page'
            items_per_page_options: '5, 10, 25, 50'
            items_per_page_options_all: false
            items_per_page_options_all_label: '- All -'
            offset: false
            offset_label: Offset
          quantity: 9
      style:
        type: table
        options:
          grouping: {  }
          row_class: ''
          default_row_class: true
          override: true
          sticky: false
          caption: ''
          summary: ''
          description: ''
          columns:
            node_bulk_form: node_bulk_form
            counter: counter
            title: title
            created: created
            uid: uid
            path: path
            delete_node: delete_node
            nothing: nothing
          info:
            node_bulk_form:
              align: ''
              separator: ''
              empty_column: false
              responsive: ''
            counter:
              sortable: false
              default_sort_order: asc
              align: ''
              separator: ''
              empty_column: false
              responsive: ''
            title:
              sortable: false
              default_sort_order: asc
              align: ''
              separator: ''
              empty_column: false
              responsive: ''
            created:
              sortable: true
              default_sort_order: asc
              align: ''
              separator: ''
              empty_column: false
              responsive: ''
            uid:
              sortable: false
              default_sort_order: asc
              align: ''
              separator: ''
              empty_column: false
              responsive: ''
            path:
              sortable: false
              default_sort_order: asc
              align: ''
              separator: ''
              empty_column: false
              responsive: ''
            delete_node:
              sortable: false
              default_sort_order: asc
              align: ''
              separator: ''
              empty_column: false
              responsive: ''
            nothing:
              sortable: false
              default_sort_order: asc
              align: ''
              separator: ''
              empty_column: false
              responsive: ''
          default: '-1'
          empty_table: false
      row:
        type: fields
      fields:
        node_bulk_form:
          id: node_bulk_form
          table: node
          field: node_bulk_form
          relationship: none
          group_type: group
          admin_label: ''
          label: 'Node operations bulk form'
          exclude: false
          alter:
            alter_text: false
            text: ''
            make_link: false
            path: ''
            absolute: false
            external: false
            replace_spaces: false
            path_case: none
            trim_whitespace: false
            alt: ''
            rel: ''
            link_class: ''
            prefix: ''
            suffix: ''
            target: ''
            nl2br: false
            max_length: 0
            word_boundary: true
            ellipsis: true
            more_link: false
            more_link_text: ''
            more_link_path: ''
            strip_tags: false
            trim: false
            preserve_tags: ''
            html: false
          element_type: ''
          element_class: ''
          element_label_type: ''
          element_label_class: ''
          element_label_colon: true
          element_wrapper_type: ''
          element_wrapper_class: ''
          element_default_classes: true
          empty: ''
          hide_empty: false
          empty_zero: false
          hide_alter_empty: true
          action_title: Action
          include_exclude: include
          selected_actions:
            - node_delete_action
          entity_type: node
          plugin_id: node_bulk_form
        counter:
          id: counter
          table: views
          field: counter
          relationship: none
          group_type: group
          admin_label: ''
          label: 'Sr. No'
          exclude: false
          alter:
            alter_text: false
            text: ''
            make_link: false
            path: ''
            absolute: false
            external: false
            replace_spaces: false
            path_case: none
            trim_whitespace: false
            alt: ''
            rel: ''
            link_class: ''
            prefix: ''
            suffix: ''
            target: ''
            nl2br: false
            max_length: 0
            word_boundary: true
            ellipsis: true
            more_link: false
            more_link_text: ''
            more_link_path: ''
            strip_tags: false
            trim: false
            preserve_tags: ''
            html: false
          element_type: ''
          element_class: ''
          element_label_type: ''
          element_label_class: ''
          element_label_colon: true
          element_wrapper_type: ''
          element_wrapper_class: ''
          element_default_classes: true
          empty: ''
          hide_empty: false
          empty_zero: false
          hide_alter_empty: true
          counter_start: 1
          plugin_id: counter
        created:
          id: created
          table: node_field_data
          field: created
          relationship: none
          group_type: group
          admin_label: ''
          label: 'Created Date'
          exclude: true
          alter:
            alter_text: false
            text: ''
            make_link: false
            path: ''
            absolute: false
            external: false
            replace_spaces: false
            path_case: none
            trim_whitespace: false
            alt: ''
            rel: ''
            link_class: ''
            prefix: ''
            suffix: ''
            target: ''
            nl2br: false
            max_length: 0
            word_boundary: true
            ellipsis: true
            more_link: false
            more_link_text: ''
            more_link_path: ''
            strip_tags: false
            trim: false
            preserve_tags: ''
            html: false
          element_type: ''
          element_class: ''
          element_label_type: ''
          element_label_class: ''
          element_label_colon: true
          element_wrapper_type: ''
          element_wrapper_class: ''
          element_default_classes: true
          empty: ''
          hide_empty: false
          empty_zero: false
          hide_alter_empty: true
          click_sort_column: value
          type: timestamp
          settings:
            date_format: long
            custom_date_format: ''
            timezone: Asia/Kolkata
          group_column: value
          group_columns: {  }
          group_rows: true
          delta_limit: 0
          delta_offset: 0
          delta_reversed: false
          delta_first_last: false
          multi_type: separator
          separator: ', '
          field_api_classes: false
          entity_type: node
          entity_field: created
          plugin_id: field
        uid:
          id: uid
          table: node_field_data
          field: uid
          relationship: none
          group_type: group
          admin_label: ''
          label: 'Authored by'
          exclude: true
          alter:
            alter_text: false
            text: ''
            make_link: false
            path: ''
            absolute: false
            external: false
            replace_spaces: false
            path_case: none
            trim_whitespace: false
            alt: ''
            rel: ''
            link_class: ''
            prefix: ''
            suffix: ''
            target: ''
            nl2br: false
            max_length: 0
            word_boundary: true
            ellipsis: true
            more_link: false
            more_link_text: ''
            more_link_path: ''
            strip_tags: false
            trim: false
            preserve_tags: ''
            html: false
          element_type: ''
          element_class: ''
          element_label_type: ''
          element_label_class: ''
          element_label_colon: true
          element_wrapper_type: ''
          element_wrapper_class: ''
          element_default_classes: true
          empty: ''
          hide_empty: false
          empty_zero: false
          hide_alter_empty: true
          click_sort_column: target_id
          type: entity_reference_label
          settings:
            link: false
          group_column: target_id
          group_columns: {  }
          group_rows: true
          delta_limit: 0
          delta_offset: 0
          delta_reversed: false
          delta_first_last: false
          multi_type: separator
          separator: ', '
          field_api_classes: false
          entity_type: node
          entity_field: uid
          plugin_id: field
        title:
          id: title
          table: node_field_data
          field: title
          relationship: none
          group_type: group
          admin_label: ''
          label: Title
          exclude: true
          alter:
            alter_text: false
            text: "{{ title }} \n{{ created }}"
            make_link: false
            path: ''
            absolute: false
            external: false
            replace_spaces: false
            path_case: none
            trim_whitespace: false
            alt: ''
            rel: ''
            link_class: ''
            prefix: ''
            suffix: ''
            target: ''
            nl2br: false
            max_length: 0
            word_boundary: false
            ellipsis: false
            more_link: false
            more_link_text: ''
            more_link_path: ''
            strip_tags: false
            trim: false
            preserve_tags: ''
            html: false
          element_type: ''
          element_class: ''
          element_label_type: ''
          element_label_class: ''
          element_label_colon: true
          element_wrapper_type: ''
          element_wrapper_class: ''
          element_default_classes: true
          empty: ''
          hide_empty: false
          empty_zero: false
          hide_alter_empty: true
          click_sort_column: value
          type: string
          settings:
            link_to_entity: true
          group_column: value
          group_columns: {  }
          group_rows: true
          delta_limit: 0
          delta_offset: 0
          delta_reversed: false
          delta_first_last: false
          multi_type: separator
          separator: ', '
          field_api_classes: false
          entity_type: node
          entity_field: title
          plugin_id: field
        field_backup_type:
          id: field_backup_type
          table: node__field_backup_type
          field: field_backup_type
          relationship: none
          group_type: group
          admin_label: ''
          label: 'Backup Type'
          exclude: false
          alter:
            alter_text: false
            text: ''
            make_link: false
            path: ''
            absolute: false
            external: false
            replace_spaces: false
            path_case: none
            trim_whitespace: false
            alt: ''
            rel: ''
            link_class: ''
            prefix: ''
            suffix: ''
            target: ''
            nl2br: false
            max_length: 0
            word_boundary: true
            ellipsis: true
            more_link: false
            more_link_text: ''
            more_link_path: ''
            strip_tags: false
            trim: false
            preserve_tags: ''
            html: false
          element_type: ''
          element_class: ''
          element_label_type: ''
          element_label_class: ''
          element_label_colon: false
          element_wrapper_type: ''
          element_wrapper_class: ''
          element_default_classes: true
          empty: ''
          hide_empty: false
          empty_zero: false
          hide_alter_empty: true
          click_sort_column: value
          type: string
          settings:
            link_to_entity: false
          group_column: value
          group_columns: {  }
          group_rows: true
          delta_limit: 0
          delta_offset: 0
          delta_reversed: false
          delta_first_last: false
          multi_type: separator
          separator: ', '
          field_api_classes: false
          plugin_id: field
        field_message_log:
          id: field_message_log
          table: node__field_message_log
          field: field_message_log
          relationship: none
          group_type: group
          admin_label: ''
          label: Description
          exclude: false
          alter:
            alter_text: true
            text: "<article>{{ field_message_log }}</article>\nCreated on <b>{{ created }}</b> by <b>{{ uid }}</b>\n"
            make_link: false
            path: ''
            absolute: false
            external: false
            replace_spaces: false
            path_case: none
            trim_whitespace: false
            alt: ''
            rel: ''
            link_class: ''
            prefix: ''
            suffix: ''
            target: ''
            nl2br: false
            max_length: 0
            word_boundary: true
            ellipsis: true
            more_link: false
            more_link_text: ''
            more_link_path: ''
            strip_tags: false
            trim: false
            preserve_tags: ''
            html: false
          element_type: ''
          element_class: ''
          element_label_type: ''
          element_label_class: ''
          element_label_colon: true
          element_wrapper_type: ''
          element_wrapper_class: ''
          element_default_classes: true
          empty: ''
          hide_empty: false
          empty_zero: false
          hide_alter_empty: true
          click_sort_column: value
          type: basic_string
          settings: {  }
          group_column: value
          group_columns: {  }
          group_rows: true
          delta_limit: 0
          delta_offset: 0
          delta_reversed: false
          delta_first_last: false
          multi_type: separator
          separator: ', '
          field_api_classes: false
          plugin_id: field
        path:
          id: path
          table: node
          field: path
          relationship: none
          group_type: group
          admin_label: ''
          label: Action
          exclude: true
          alter:
            alter_text: true
            text: 'Download Now'
            make_link: true
            path: 'sites/default/files/private/allinonefiles/{{ title }}'
            absolute: false
            external: false
            replace_spaces: false
            path_case: none
            trim_whitespace: false
            alt: ''
            rel: ''
            link_class: ''
            prefix: ''
            suffix: ''
            target: ''
            nl2br: false
            max_length: 0
            word_boundary: true
            ellipsis: true
            more_link: false
            more_link_text: ''
            more_link_path: ''
            strip_tags: false
            trim: false
            preserve_tags: ''
            html: false
          element_type: ''
          element_class: ''
          element_label_type: ''
          element_label_class: ''
          element_label_colon: true
          element_wrapper_type: ''
          element_wrapper_class: ''
          element_default_classes: true
          empty: ''
          hide_empty: false
          empty_zero: false
          hide_alter_empty: true
          absolute: false
          entity_type: node
          plugin_id: node_path
        delete_node:
          id: delete_node
          table: node
          field: delete_node
          relationship: none
          group_type: group
          admin_label: ''
          label: 'Link to delete Content'
          exclude: true
          alter:
            alter_text: false
            text: ''
            make_link: false
            path: ''
            absolute: false
            external: false
            replace_spaces: false
            path_case: none
            trim_whitespace: false
            alt: ''
            rel: ''
            link_class: ''
            prefix: ''
            suffix: ''
            target: ''
            nl2br: false
            max_length: 0
            word_boundary: true
            ellipsis: true
            more_link: false
            more_link_text: ''
            more_link_path: ''
            strip_tags: false
            trim: false
            preserve_tags: ''
            html: false
          element_type: ''
          element_class: ''
          element_label_type: ''
          element_label_class: ''
          element_label_colon: true
          element_wrapper_type: ''
          element_wrapper_class: ''
          element_default_classes: true
          empty: ''
          hide_empty: false
          empty_zero: false
          hide_alter_empty: true
          text: Delete
          entity_type: node
          plugin_id: entity_link_delete
        nothing:
          id: nothing
          table: views
          field: nothing
          relationship: none
          group_type: group
          admin_label: ''
          label: Action
          exclude: false
          alter:
            alter_text: true
            text: '{{ path }} | {{ delete_node }}'
            make_link: false
            path: ''
            absolute: false
            external: false
            replace_spaces: false
            path_case: none
            trim_whitespace: false
            alt: ''
            rel: ''
            link_class: ''
            prefix: ''
            suffix: ''
            target: ''
            nl2br: false
            max_length: 0
            word_boundary: true
            ellipsis: true
            more_link: false
            more_link_text: ''
            more_link_path: ''
            strip_tags: false
            trim: false
            preserve_tags: ''
            html: false
          element_type: ''
          element_class: ''
          element_label_type: ''
          element_label_class: ''
          element_label_colon: true
          element_wrapper_type: ''
          element_wrapper_class: ''
          element_default_classes: true
          empty: ''
          hide_empty: false
          empty_zero: false
          hide_alter_empty: false
          plugin_id: custom
      filters:
        status:
          value: '1'
          table: node_field_data
          field: status
          plugin_id: boolean
          entity_type: node
          entity_field: status
          id: status
          expose:
            operator: ''
          group: 1
        type:
          id: type
          table: node_field_data
          field: type
          value:
            allinone_backup: allinone_backup
          entity_type: node
          entity_field: type
          plugin_id: bundle
        field_backup_type_value:
          id: field_backup_type_value
          table: node__field_backup_type
          field: field_backup_type_value
          relationship: none
          group_type: group
          admin_label: ''
          operator: '='
          value: ''
          group: 1
          exposed: true
          expose:
            operator_id: field_backup_type_value_op
            label: 'Backup Type (field_backup_type)'
            description: null
            use_operator: false
            operator: field_backup_type_value_op
            identifier: field_backup_type_value
            required: false
            remember: false
            multiple: false
            remember_roles:
              authenticated: authenticated
          is_grouped: true
          group_info:
            label: 'Backup Type (field_backup_type)'
            description: null
            identifier: field_backup_type_value
            optional: true
            widget: select
            multiple: false
            remember: false
            default_group: All
            default_group_multiple: {  }
            group_items: {  }
          plugin_id: string
      sorts:
        created:
          id: created
          table: node_field_data
          field: created
          order: DESC
          entity_type: node
          entity_field: created
          plugin_id: date
          relationship: none
          group_type: group
          admin_label: ''
          exposed: false
          expose:
            label: ''
          granularity: second
      title: allinonebackup_block
      header: {  }
      footer: {  }
      empty:
        area:
          id: area
          table: views
          field: area
          relationship: none
          group_type: group
          admin_label: ''
          empty: true
          tokenize: false
          content:
            value: '<h3> No backups are available.</h3>'
            format: basic_html
          plugin_id: text
      relationships: {  }
      arguments: {  }
      display_extenders: {  }
      css_class: allinone_backup
      use_ajax: true
      pager_element: 0
    cache_metadata:
      max-age: 0
      contexts:
        - 'languages:language_content'
        - 'languages:language_interface'
        - url
        - url.query_args
        - 'user.node_grants:view'
        - user.permissions
      tags:
        - 'config:field.storage.node.field_backup_type'
        - 'config:field.storage.node.field_message_log'
  block_1:
    display_plugin: block
    id: block_1
    display_title: Block
    position: 1
    display_options:
      display_extenders: {  }
      filters:
        status:
          value: '1'
          table: node_field_data
          field: status
          plugin_id: boolean
          entity_type: node
          entity_field: status
          id: status
          expose:
            operator: ''
          group: 1
        type:
          id: type
          table: node_field_data
          field: type
          value:
            allinone_backup: allinone_backup
          entity_type: node
          entity_field: type
          plugin_id: bundle
        field_backup_type_value:
          id: field_backup_type_value
          table: node__field_backup_type
          field: field_backup_type_value
          relationship: none
          group_type: group
          admin_label: ''
          operator: '='
          value: ''
          group: 1
          exposed: true
          expose:
            operator_id: field_backup_type_value_op
            label: 'Backup Type (field_backup_type)'
            description: null
            use_operator: false
            operator: field_backup_type_value_op
            identifier: field_backup_type_value
            required: false
            remember: false
            multiple: false
            remember_roles:
              authenticated: authenticated
          is_grouped: true
          group_info:
            label: 'Filter by backup type'
            description: ''
            identifier: field_backup_type_value
            optional: true
            widget: select
            multiple: false
            remember: false
            default_group: All
            default_group_multiple: {  }
            group_items:
              1:
                title: Database
                operator: '='
                value: Database
              2:
                title: Files
                operator: '='
                value: Files
              3:
                title: ''
                operator: '='
                value: ''
          plugin_id: string
      defaults:
        filters: false
        filter_groups: false
      filter_groups:
        operator: AND
        groups:
          1: AND
    cache_metadata:
      max-age: 0
      contexts:
        - 'languages:language_content'
        - 'languages:language_interface'
        - url
        - url.query_args
        - 'user.node_grants:view'
        - user.permissions
      tags:
        - 'config:field.storage.node.field_backup_type'
        - 'config:field.storage.node.field_message_log'
  block_2:
    display_plugin: block
    id: block_2
    display_title: 'Block 2'
    position: 2
    display_options:
      display_extenders: {  }
      fields:
        counter:
          id: counter
          table: views
          field: counter
          relationship: none
          group_type: group
          admin_label: ''
          label: 'Sr. No'
          exclude: false
          alter:
            alter_text: false
            text: ''
            make_link: false
            path: ''
            absolute: false
            external: false
            replace_spaces: false
            path_case: none
            trim_whitespace: false
            alt: ''
            rel: ''
            link_class: ''
            prefix: ''
            suffix: ''
            target: ''
            nl2br: false
            max_length: 0
            word_boundary: true
            ellipsis: true
            more_link: false
            more_link_text: ''
            more_link_path: ''
            strip_tags: false
            trim: false
            preserve_tags: ''
            html: false
          element_type: ''
          element_class: ''
          element_label_type: ''
          element_label_class: ''
          element_label_colon: true
          element_wrapper_type: ''
          element_wrapper_class: ''
          element_default_classes: true
          empty: ''
          hide_empty: false
          empty_zero: false
          hide_alter_empty: true
          counter_start: 1
          plugin_id: counter
        created:
          id: created
          table: node_field_data
          field: created
          relationship: none
          group_type: group
          admin_label: ''
          label: 'Created Date'
          exclude: true
          alter:
            alter_text: false
            text: ''
            make_link: false
            path: ''
            absolute: false
            external: false
            replace_spaces: false
            path_case: none
            trim_whitespace: false
            alt: ''
            rel: ''
            link_class: ''
            prefix: ''
            suffix: ''
            target: ''
            nl2br: false
            max_length: 0
            word_boundary: true
            ellipsis: true
            more_link: false
            more_link_text: ''
            more_link_path: ''
            strip_tags: false
            trim: false
            preserve_tags: ''
            html: false
          element_type: ''
          element_class: ''
          element_label_type: ''
          element_label_class: ''
          element_label_colon: true
          element_wrapper_type: ''
          element_wrapper_class: ''
          element_default_classes: true
          empty: ''
          hide_empty: false
          empty_zero: false
          hide_alter_empty: true
          click_sort_column: value
          type: timestamp
          settings:
            date_format: long
            custom_date_format: ''
            timezone: Asia/Kolkata
          group_column: value
          group_columns: {  }
          group_rows: true
          delta_limit: 0
          delta_offset: 0
          delta_reversed: false
          delta_first_last: false
          multi_type: separator
          separator: ', '
          field_api_classes: false
          entity_type: node
          entity_field: created
          plugin_id: field
        uid:
          id: uid
          table: node_field_data
          field: uid
          relationship: none
          group_type: group
          admin_label: ''
          label: 'Authored by'
          exclude: true
          alter:
            alter_text: false
            text: ''
            make_link: false
            path: ''
            absolute: false
            external: false
            replace_spaces: false
            path_case: none
            trim_whitespace: false
            alt: ''
            rel: ''
            link_class: ''
            prefix: ''
            suffix: ''
            target: ''
            nl2br: false
            max_length: 0
            word_boundary: true
            ellipsis: true
            more_link: false
            more_link_text: ''
            more_link_path: ''
            strip_tags: false
            trim: false
            preserve_tags: ''
            html: false
          element_type: ''
          element_class: ''
          element_label_type: ''
          element_label_class: ''
          element_label_colon: true
          element_wrapper_type: ''
          element_wrapper_class: ''
          element_default_classes: true
          empty: ''
          hide_empty: false
          empty_zero: false
          hide_alter_empty: true
          click_sort_column: target_id
          type: entity_reference_label
          settings:
            link: false
          group_column: target_id
          group_columns: {  }
          group_rows: true
          delta_limit: 0
          delta_offset: 0
          delta_reversed: false
          delta_first_last: false
          multi_type: separator
          separator: ', '
          field_api_classes: false
          entity_type: node
          entity_field: uid
          plugin_id: field
        title:
          id: title
          table: node_field_data
          field: title
          relationship: none
          group_type: group
          admin_label: ''
          label: ''
          exclude: true
          alter:
            alter_text: false
            text: "{{ title }} \n{{ created }}"
            make_link: false
            path: ''
            absolute: false
            external: false
            replace_spaces: false
            path_case: none
            trim_whitespace: false
            alt: ''
            rel: ''
            link_class: ''
            prefix: ''
            suffix: ''
            target: ''
            nl2br: false
            max_length: 0
            word_boundary: false
            ellipsis: false
            more_link: false
            more_link_text: ''
            more_link_path: ''
            strip_tags: false
            trim: false
            preserve_tags: ''
            html: false
          element_type: ''
          element_class: ''
          element_label_type: ''
          element_label_class: ''
          element_label_colon: false
          element_wrapper_type: ''
          element_wrapper_class: ''
          element_default_classes: true
          empty: ''
          hide_empty: false
          empty_zero: false
          hide_alter_empty: true
          click_sort_column: value
          type: string
          settings:
            link_to_entity: false
          group_column: value
          group_columns: {  }
          group_rows: true
          delta_limit: 0
          delta_offset: 0
          delta_reversed: false
          delta_first_last: false
          multi_type: separator
          separator: ', '
          field_api_classes: false
          entity_type: node
          entity_field: title
          plugin_id: field
        field_message_log:
          id: field_message_log
          table: node__field_message_log
          field: field_message_log
          relationship: none
          group_type: group
          admin_label: ''
          label: Description
          exclude: false
          alter:
            alter_text: true
            text: "<article>{{ field_message_log }}</article>\nCreated on <b>{{ created }}</b> by <b>{{ uid }}</b>\n"
            make_link: false
            path: ''
            absolute: false
            external: false
            replace_spaces: false
            path_case: none
            trim_whitespace: false
            alt: ''
            rel: ''
            link_class: ''
            prefix: ''
            suffix: ''
            target: ''
            nl2br: false
            max_length: 0
            word_boundary: true
            ellipsis: true
            more_link: false
            more_link_text: ''
            more_link_path: ''
            strip_tags: false
            trim: false
            preserve_tags: ''
            html: false
          element_type: ''
          element_class: ''
          element_label_type: ''
          element_label_class: ''
          element_label_colon: true
          element_wrapper_type: ''
          element_wrapper_class: ''
          element_default_classes: true
          empty: ''
          hide_empty: false
          empty_zero: false
          hide_alter_empty: true
          click_sort_column: value
          type: basic_string
          settings: {  }
          group_column: value
          group_columns: {  }
          group_rows: true
          delta_limit: 0
          delta_offset: 0
          delta_reversed: false
          delta_first_last: false
          multi_type: separator
          separator: ', '
          field_api_classes: false
          plugin_id: field
        path:
          id: path
          table: node
          field: path
          relationship: none
          group_type: group
          admin_label: ''
          label: Action
          exclude: true
          alter:
            alter_text: true
            text: 'Import Now'
            make_link: true
            path: 'admin/config/allinone_backup/importbackup?file={{ title }}'
            absolute: false
            external: false
            replace_spaces: false
            path_case: none
            trim_whitespace: false
            alt: ''
            rel: ''
            link_class: ''
            prefix: ''
            suffix: ''
            target: ''
            nl2br: false
            max_length: 0
            word_boundary: true
            ellipsis: true
            more_link: false
            more_link_text: ''
            more_link_path: ''
            strip_tags: false
            trim: false
            preserve_tags: ''
            html: false
          element_type: ''
          element_class: ''
          element_label_type: ''
          element_label_class: ''
          element_label_colon: true
          element_wrapper_type: ''
          element_wrapper_class: ''
          element_default_classes: true
          empty: ''
          hide_empty: false
          empty_zero: false
          hide_alter_empty: true
          absolute: false
          entity_type: node
          plugin_id: node_path
        nothing:
          id: nothing
          table: views
          field: nothing
          relationship: none
          group_type: group
          admin_label: ''
          label: Action
          exclude: false
          alter:
            alter_text: true
            text: '{{ path }}'
            make_link: false
            path: ''
            absolute: false
            external: false
            replace_spaces: false
            path_case: none
            trim_whitespace: false
            alt: ''
            rel: ''
            link_class: ''
            prefix: ''
            suffix: ''
            target: ''
            nl2br: false
            max_length: 0
            word_boundary: true
            ellipsis: true
            more_link: false
            more_link_text: ''
            more_link_path: ''
            strip_tags: false
            trim: false
            preserve_tags: ''
            html: false
          element_type: ''
          element_class: ''
          element_label_type: ''
          element_label_class: ''
          element_label_colon: true
          element_wrapper_type: ''
          element_wrapper_class: ''
          element_default_classes: true
          empty: ''
          hide_empty: false
          empty_zero: false
          hide_alter_empty: false
          plugin_id: custom
      defaults:
        fields: false
        filters: false
        filter_groups: false
      filters:
        status:
          value: '1'
          table: node_field_data
          field: status
          plugin_id: boolean
          entity_type: node
          entity_field: status
          id: status
          expose:
            operator: ''
          group: 1
        type:
          id: type
          table: node_field_data
          field: type
          value:
            allinone_backup: allinone_backup
          entity_type: node
          entity_field: type
          plugin_id: bundle
        field_backup_type_value:
          id: field_backup_type_value
          table: node__field_backup_type
          field: field_backup_type_value
          relationship: none
          group_type: group
          admin_label: ''
          operator: '='
          value: Database
          group: 1
          exposed: false
          expose:
            operator_id: field_backup_type_value_op
            label: 'Backup Type (field_backup_type)'
            description: null
            use_operator: false
            operator: field_backup_type_value_op
            identifier: field_backup_type_value
            required: false
            remember: false
            multiple: false
            remember_roles:
              authenticated: authenticated
          is_grouped: false
          group_info:
            label: 'Filter by Backup Type '
            description: ''
            identifier: field_backup_type_value
            optional: true
            widget: select
            multiple: false
            remember: false
            default_group: All
            default_group_multiple: {  }
            group_items:
              1:
                title: Database
                operator: '='
                value: Database
              2:
                title: Files
                operator: '='
                value: Files
              3:
                title: ''
                operator: '='
                value: ''
          plugin_id: string
      filter_groups:
        operator: AND
        groups:
          1: AND
    cache_metadata:
      max-age: 0
      contexts:
        - 'languages:language_content'
        - 'languages:language_interface'
        - url.query_args
        - 'user.node_grants:view'
        - user.permissions
      tags:
        - 'config:field.storage.node.field_message_log'
